// !$*UTF8*$!
{
	archiveVersion = 1;
	classes = {
	};
	objectVersion = 50;
	objects = {

/* Begin PBXBuildFile section */
		CE20DC4D26F9CB0C00359D24 /* HNNetworking.framework in Frameworks */ = {isa = PBXBuildFile; fileRef = CE20DC4326F9CB0C00359D24 /* HNNetworking.framework */; };
		CE20DC5226F9CB0C00359D24 /* HNNetworkingTests.swift in Sources */ = {isa = PBXBuildFile; fileRef = CE20DC5126F9CB0C00359D24 /* HNNetworkingTests.swift */; };
		CE20DC5426F9CB0D00359D24 /* HNNetworking.h in Headers */ = {isa = PBXBuildFile; fileRef = CE20DC4626F9CB0C00359D24 /* HNNetworking.h */; settings = {ATTRIBUTES = (Public, ); }; };
		CE20DC5E26F9D44100359D24 /* HTTPMethodType.swift in Sources */ = {isa = PBXBuildFile; fileRef = CE20DC5D26F9D44100359D24 /* HTTPMethodType.swift */; };
		CE20DC6026F9D49F00359D24 /* BodyEncoding.swift in Sources */ = {isa = PBXBuildFile; fileRef = CE20DC5F26F9D49F00359D24 /* BodyEncoding.swift */; };
		CE20DC6226F9D4DD00359D24 /* Requestable.swift in Sources */ = {isa = PBXBuildFile; fileRef = CE20DC6126F9D4DD00359D24 /* Requestable.swift */; };
		CE20DC6426F9D4F800359D24 /* NetworkConfigurable.swift in Sources */ = {isa = PBXBuildFile; fileRef = CE20DC6326F9D4F800359D24 /* NetworkConfigurable.swift */; };
		CE20DC6626F9D54D00359D24 /* ResponseRequestable.swift in Sources */ = {isa = PBXBuildFile; fileRef = CE20DC6526F9D54D00359D24 /* ResponseRequestable.swift */; };
		CE20DC6826F9D5D600359D24 /* EndPoint.swift in Sources */ = {isa = PBXBuildFile; fileRef = CE20DC6726F9D5D600359D24 /* EndPoint.swift */; };
		CE20DC6A26F9D60300359D24 /* ResponseDecoder.swift in Sources */ = {isa = PBXBuildFile; fileRef = CE20DC6926F9D60300359D24 /* ResponseDecoder.swift */; };
		CE20DC6C26F9D62500359D24 /* DataTransferService.swift in Sources */ = {isa = PBXBuildFile; fileRef = CE20DC6B26F9D62500359D24 /* DataTransferService.swift */; };
		CE20DC6E26F9D64E00359D24 /* JSONResponseDecoder.swift in Sources */ = {isa = PBXBuildFile; fileRef = CE20DC6D26F9D64E00359D24 /* JSONResponseDecoder.swift */; };
		CE20DC7026F9D66E00359D24 /* RawDataResponseDecoder.swift in Sources */ = {isa = PBXBuildFile; fileRef = CE20DC6F26F9D66E00359D24 /* RawDataResponseDecoder.swift */; };
		CE20DC7226F9D70300359D24 /* APINetworkConfig.swift in Sources */ = {isa = PBXBuildFile; fileRef = CE20DC7126F9D70300359D24 /* APINetworkConfig.swift */; };
		CE20DC7426F9D78200359D24 /* NetworkError.swift in Sources */ = {isa = PBXBuildFile; fileRef = CE20DC7326F9D78200359D24 /* NetworkError.swift */; };
		CE20DC7626F9D79500359D24 /* Cancellable.swift in Sources */ = {isa = PBXBuildFile; fileRef = CE20DC7526F9D79500359D24 /* Cancellable.swift */; };
		CE20DC7826F9D7B300359D24 /* DataTransferError.swift in Sources */ = {isa = PBXBuildFile; fileRef = CE20DC7726F9D7B300359D24 /* DataTransferError.swift */; };
		CE20DC7A26F9D7F400359D24 /* HTTPClient.swift in Sources */ = {isa = PBXBuildFile; fileRef = CE20DC7926F9D7F400359D24 /* HTTPClient.swift */; };
		CE20DC7C26F9D80800359D24 /* NetworkErrorLogger.swift in Sources */ = {isa = PBXBuildFile; fileRef = CE20DC7B26F9D80800359D24 /* NetworkErrorLogger.swift */; };
		CE20DC7E26F9D82000359D24 /* DefaultNetworkService.swift in Sources */ = {isa = PBXBuildFile; fileRef = CE20DC7D26F9D82000359D24 /* DefaultNetworkService.swift */; };
		CE20DC8026F9D84300359D24 /* URLSessionHTTPClient.swift in Sources */ = {isa = PBXBuildFile; fileRef = CE20DC7F26F9D84300359D24 /* URLSessionHTTPClient.swift */; };
		CE20DC8226F9D87500359D24 /* DefaultNetworkErrorLogger.swift in Sources */ = {isa = PBXBuildFile; fileRef = CE20DC8126F9D87500359D24 /* DefaultNetworkErrorLogger.swift */; };
		CE20DC8426F9D91C00359D24 /* NetworkService.swift in Sources */ = {isa = PBXBuildFile; fileRef = CE20DC8326F9D91C00359D24 /* NetworkService.swift */; };
		CE20DC8626F9D95700359D24 /* DataTransferErrorResolver.swift in Sources */ = {isa = PBXBuildFile; fileRef = CE20DC8526F9D95700359D24 /* DataTransferErrorResolver.swift */; };
		CE20DC8826F9D98500359D24 /* DataTransferErrorLogger.swift in Sources */ = {isa = PBXBuildFile; fileRef = CE20DC8726F9D98500359D24 /* DataTransferErrorLogger.swift */; };
		CE20DC8A26F9D99D00359D24 /* DefaultDataTransferService.swift in Sources */ = {isa = PBXBuildFile; fileRef = CE20DC8926F9D99D00359D24 /* DefaultDataTransferService.swift */; };
		CE20DC8C26F9D9BD00359D24 /* DefaultDataTransferErrorLogger.swift in Sources */ = {isa = PBXBuildFile; fileRef = CE20DC8B26F9D9BD00359D24 /* DefaultDataTransferErrorLogger.swift */; };
		CE20DC8E26F9D9CC00359D24 /* DefaultDataTransferErrorResolver.swift in Sources */ = {isa = PBXBuildFile; fileRef = CE20DC8D26F9D9CC00359D24 /* DefaultDataTransferErrorResolver.swift */; };
/* End PBXBuildFile section */

/* Begin PBXContainerItemProxy section */
		CE20DC4E26F9CB0C00359D24 /* PBXContainerItemProxy */ = {
			isa = PBXContainerItemProxy;
			containerPortal = CE20DC3A26F9CB0C00359D24 /* Project object */;
			proxyType = 1;
			remoteGlobalIDString = CE20DC4226F9CB0C00359D24;
			remoteInfo = HNNetworking;
		};
/* End PBXContainerItemProxy section */

/* Begin PBXFileReference section */
		CE20DC4326F9CB0C00359D24 /* HNNetworking.framework */ = {isa = PBXFileReference; explicitFileType = wrapper.framework; includeInIndex = 0; path = HNNetworking.framework; sourceTree = BUILT_PRODUCTS_DIR; };
		CE20DC4626F9CB0C00359D24 /* HNNetworking.h */ = {isa = PBXFileReference; lastKnownFileType = sourcecode.c.h; path = HNNetworking.h; sourceTree = "<group>"; };
		CE20DC4726F9CB0C00359D24 /* Info.plist */ = {isa = PBXFileReference; lastKnownFileType = text.plist.xml; path = Info.plist; sourceTree = "<group>"; };
		CE20DC4C26F9CB0C00359D24 /* HNNetworkingTests.xctest */ = {isa = PBXFileReference; explicitFileType = wrapper.cfbundle; includeInIndex = 0; path = HNNetworkingTests.xctest; sourceTree = BUILT_PRODUCTS_DIR; };
		CE20DC5126F9CB0C00359D24 /* HNNetworkingTests.swift */ = {isa = PBXFileReference; lastKnownFileType = sourcecode.swift; path = HNNetworkingTests.swift; sourceTree = "<group>"; };
		CE20DC5326F9CB0C00359D24 /* Info.plist */ = {isa = PBXFileReference; lastKnownFileType = text.plist.xml; path = Info.plist; sourceTree = "<group>"; };
		CE20DC5D26F9D44100359D24 /* HTTPMethodType.swift */ = {isa = PBXFileReference; lastKnownFileType = sourcecode.swift; path = HTTPMethodType.swift; sourceTree = "<group>"; };
		CE20DC5F26F9D49F00359D24 /* BodyEncoding.swift */ = {isa = PBXFileReference; lastKnownFileType = sourcecode.swift; path = BodyEncoding.swift; sourceTree = "<group>"; };
		CE20DC6126F9D4DD00359D24 /* Requestable.swift */ = {isa = PBXFileReference; lastKnownFileType = sourcecode.swift; path = Requestable.swift; sourceTree = "<group>"; };
		CE20DC6326F9D4F800359D24 /* NetworkConfigurable.swift */ = {isa = PBXFileReference; lastKnownFileType = sourcecode.swift; path = NetworkConfigurable.swift; sourceTree = "<group>"; };
		CE20DC6526F9D54D00359D24 /* ResponseRequestable.swift */ = {isa = PBXFileReference; lastKnownFileType = sourcecode.swift; path = ResponseRequestable.swift; sourceTree = "<group>"; };
		CE20DC6726F9D5D600359D24 /* EndPoint.swift */ = {isa = PBXFileReference; lastKnownFileType = sourcecode.swift; path = EndPoint.swift; sourceTree = "<group>"; };
		CE20DC6926F9D60300359D24 /* ResponseDecoder.swift */ = {isa = PBXFileReference; lastKnownFileType = sourcecode.swift; path = ResponseDecoder.swift; sourceTree = "<group>"; };
		CE20DC6B26F9D62500359D24 /* DataTransferService.swift */ = {isa = PBXFileReference; lastKnownFileType = sourcecode.swift; path = DataTransferService.swift; sourceTree = "<group>"; };
		CE20DC6D26F9D64E00359D24 /* JSONResponseDecoder.swift */ = {isa = PBXFileReference; lastKnownFileType = sourcecode.swift; path = JSONResponseDecoder.swift; sourceTree = "<group>"; };
		CE20DC6F26F9D66E00359D24 /* RawDataResponseDecoder.swift */ = {isa = PBXFileReference; lastKnownFileType = sourcecode.swift; path = RawDataResponseDecoder.swift; sourceTree = "<group>"; };
		CE20DC7126F9D70300359D24 /* APINetworkConfig.swift */ = {isa = PBXFileReference; lastKnownFileType = sourcecode.swift; path = APINetworkConfig.swift; sourceTree = "<group>"; };
		CE20DC7326F9D78200359D24 /* NetworkError.swift */ = {isa = PBXFileReference; lastKnownFileType = sourcecode.swift; path = NetworkError.swift; sourceTree = "<group>"; };
		CE20DC7526F9D79500359D24 /* Cancellable.swift */ = {isa = PBXFileReference; lastKnownFileType = sourcecode.swift; path = Cancellable.swift; sourceTree = "<group>"; };
		CE20DC7726F9D7B300359D24 /* DataTransferError.swift */ = {isa = PBXFileReference; lastKnownFileType = sourcecode.swift; path = DataTransferError.swift; sourceTree = "<group>"; };
		CE20DC7926F9D7F400359D24 /* HTTPClient.swift */ = {isa = PBXFileReference; lastKnownFileType = sourcecode.swift; path = HTTPClient.swift; sourceTree = "<group>"; };
		CE20DC7B26F9D80800359D24 /* NetworkErrorLogger.swift */ = {isa = PBXFileReference; lastKnownFileType = sourcecode.swift; path = NetworkErrorLogger.swift; sourceTree = "<group>"; };
		CE20DC7D26F9D82000359D24 /* DefaultNetworkService.swift */ = {isa = PBXFileReference; lastKnownFileType = sourcecode.swift; path = DefaultNetworkService.swift; sourceTree = "<group>"; };
		CE20DC7F26F9D84300359D24 /* URLSessionHTTPClient.swift */ = {isa = PBXFileReference; lastKnownFileType = sourcecode.swift; path = URLSessionHTTPClient.swift; sourceTree = "<group>"; };
		CE20DC8126F9D87500359D24 /* DefaultNetworkErrorLogger.swift */ = {isa = PBXFileReference; lastKnownFileType = sourcecode.swift; path = DefaultNetworkErrorLogger.swift; sourceTree = "<group>"; };
		CE20DC8326F9D91C00359D24 /* NetworkService.swift */ = {isa = PBXFileReference; lastKnownFileType = sourcecode.swift; path = NetworkService.swift; sourceTree = "<group>"; };
		CE20DC8526F9D95700359D24 /* DataTransferErrorResolver.swift */ = {isa = PBXFileReference; lastKnownFileType = sourcecode.swift; path = DataTransferErrorResolver.swift; sourceTree = "<group>"; };
		CE20DC8726F9D98500359D24 /* DataTransferErrorLogger.swift */ = {isa = PBXFileReference; lastKnownFileType = sourcecode.swift; path = DataTransferErrorLogger.swift; sourceTree = "<group>"; };
		CE20DC8926F9D99D00359D24 /* DefaultDataTransferService.swift */ = {isa = PBXFileReference; lastKnownFileType = sourcecode.swift; path = DefaultDataTransferService.swift; sourceTree = "<group>"; };
		CE20DC8B26F9D9BD00359D24 /* DefaultDataTransferErrorLogger.swift */ = {isa = PBXFileReference; lastKnownFileType = sourcecode.swift; path = DefaultDataTransferErrorLogger.swift; sourceTree = "<group>"; };
		CE20DC8D26F9D9CC00359D24 /* DefaultDataTransferErrorResolver.swift */ = {isa = PBXFileReference; lastKnownFileType = sourcecode.swift; path = DefaultDataTransferErrorResolver.swift; sourceTree = "<group>"; };
/* End PBXFileReference section */

/* Begin PBXFrameworksBuildPhase section */
		CE20DC4026F9CB0C00359D24 /* Frameworks */ = {
			isa = PBXFrameworksBuildPhase;
			buildActionMask = 2147483647;
			files = (
			);
			runOnlyForDeploymentPostprocessing = 0;
		};
		CE20DC4926F9CB0C00359D24 /* Frameworks */ = {
			isa = PBXFrameworksBuildPhase;
			buildActionMask = 2147483647;
			files = (
				CE20DC4D26F9CB0C00359D24 /* HNNetworking.framework in Frameworks */,
			);
			runOnlyForDeploymentPostprocessing = 0;
		};
/* End PBXFrameworksBuildPhase section */

/* Begin PBXGroup section */
		CE20DC3926F9CB0C00359D24 = {
			isa = PBXGroup;
			children = (
				CE20DC4526F9CB0C00359D24 /* HNNetworking */,
				CE20DC5026F9CB0C00359D24 /* HNNetworkingTests */,
				CE20DC4426F9CB0C00359D24 /* Products */,
			);
			sourceTree = "<group>";
		};
		CE20DC4426F9CB0C00359D24 /* Products */ = {
			isa = PBXGroup;
			children = (
				CE20DC4326F9CB0C00359D24 /* HNNetworking.framework */,
				CE20DC4C26F9CB0C00359D24 /* HNNetworkingTests.xctest */,
			);
			name = Products;
			sourceTree = "<group>";
		};
		CE20DC4526F9CB0C00359D24 /* HNNetworking */ = {
			isa = PBXGroup;
			children = (
				CE20DC4626F9CB0C00359D24 /* HNNetworking.h */,
				CE20DC4726F9CB0C00359D24 /* Info.plist */,
				CE20DC9326F9E33200359D24 /* DataTransferService */,
				CE20DC9126F9E1F200359D24 /* Config */,
				CE20DC9226F9E28800359D24 /* NetworkService */,
			);
			path = HNNetworking;
			sourceTree = "<group>";
		};
		CE20DC5026F9CB0C00359D24 /* HNNetworkingTests */ = {
			isa = PBXGroup;
			children = (
				CE20DC5126F9CB0C00359D24 /* HNNetworkingTests.swift */,
				CE20DC5326F9CB0C00359D24 /* Info.plist */,
			);
			path = HNNetworkingTests;
			sourceTree = "<group>";
		};
		CE20DC8F26F9D9F100359D24 /* Decoder */ = {
			isa = PBXGroup;
			children = (
				CE20DC6D26F9D64E00359D24 /* JSONResponseDecoder.swift */,
				CE20DC6F26F9D66E00359D24 /* RawDataResponseDecoder.swift */,
			);
			path = Decoder;
			sourceTree = "<group>";
		};
		CE20DC9126F9E1F200359D24 /* Config */ = {
			isa = PBXGroup;
			children = (
				CE20DC6326F9D4F800359D24 /* NetworkConfigurable.swift */,
				CE20DC7126F9D70300359D24 /* APINetworkConfig.swift */,
				CE20DC5D26F9D44100359D24 /* HTTPMethodType.swift */,
				CE20DC5F26F9D49F00359D24 /* BodyEncoding.swift */,
				CE20DC6126F9D4DD00359D24 /* Requestable.swift */,
				CE20DC6526F9D54D00359D24 /* ResponseRequestable.swift */,
				CE20DC6726F9D5D600359D24 /* EndPoint.swift */,
			);
			path = Config;
			sourceTree = "<group>";
		};
		CE20DC9226F9E28800359D24 /* NetworkService */ = {
			isa = PBXGroup;
			children = (
				CE20DC7326F9D78200359D24 /* NetworkError.swift */,
				CE20DC7526F9D79500359D24 /* Cancellable.swift */,
				CE20DC8326F9D91C00359D24 /* NetworkService.swift */,
				CE20DC7D26F9D82000359D24 /* DefaultNetworkService.swift */,
				CE20DC7926F9D7F400359D24 /* HTTPClient.swift */,
				CE20DC7F26F9D84300359D24 /* URLSessionHTTPClient.swift */,
				CE20DC7B26F9D80800359D24 /* NetworkErrorLogger.swift */,
				CE20DC8126F9D87500359D24 /* DefaultNetworkErrorLogger.swift */,
			);
			path = NetworkService;
			sourceTree = "<group>";
		};
		CE20DC9326F9E33200359D24 /* DataTransferService */ = {
			isa = PBXGroup;
			children = (
				CE20DC8F26F9D9F100359D24 /* Decoder */,
				CE20DC6926F9D60300359D24 /* ResponseDecoder.swift */,
				CE20DC7726F9D7B300359D24 /* DataTransferError.swift */,
				CE20DC6B26F9D62500359D24 /* DataTransferService.swift */,
				CE20DC8926F9D99D00359D24 /* DefaultDataTransferService.swift */,
				CE20DC8526F9D95700359D24 /* DataTransferErrorResolver.swift */,
				CE20DC8D26F9D9CC00359D24 /* DefaultDataTransferErrorResolver.swift */,
				CE20DC8726F9D98500359D24 /* DataTransferErrorLogger.swift */,
				CE20DC8B26F9D9BD00359D24 /* DefaultDataTransferErrorLogger.swift */,
			);
			path = DataTransferService;
			sourceTree = "<group>";
		};
/* End PBXGroup section */

/* Begin PBXHeadersBuildPhase section */
		CE20DC3E26F9CB0C00359D24 /* Headers */ = {
			isa = PBXHeadersBuildPhase;
			buildActionMask = 2147483647;
			files = (
				CE20DC5426F9CB0D00359D24 /* HNNetworking.h in Headers */,
			);
			runOnlyForDeploymentPostprocessing = 0;
		};
/* End PBXHeadersBuildPhase section */

/* Begin PBXNativeTarget section */
		CE20DC4226F9CB0C00359D24 /* HNNetworking */ = {
			isa = PBXNativeTarget;
			buildConfigurationList = CE20DC5726F9CB0D00359D24 /* Build configuration list for PBXNativeTarget "HNNetworking" */;
			buildPhases = (
				CE20DC3E26F9CB0C00359D24 /* Headers */,
				CE20DC3F26F9CB0C00359D24 /* Sources */,
				CE20DC4026F9CB0C00359D24 /* Frameworks */,
				CE20DC4126F9CB0C00359D24 /* Resources */,
			);
			buildRules = (
			);
			dependencies = (
			);
			name = HNNetworking;
			productName = HNNetworking;
			productReference = CE20DC4326F9CB0C00359D24 /* HNNetworking.framework */;
			productType = "com.apple.product-type.framework";
		};
		CE20DC4B26F9CB0C00359D24 /* HNNetworkingTests */ = {
			isa = PBXNativeTarget;
			buildConfigurationList = CE20DC5A26F9CB0D00359D24 /* Build configuration list for PBXNativeTarget "HNNetworkingTests" */;
			buildPhases = (
				CE20DC4826F9CB0C00359D24 /* Sources */,
				CE20DC4926F9CB0C00359D24 /* Frameworks */,
				CE20DC4A26F9CB0C00359D24 /* Resources */,
			);
			buildRules = (
			);
			dependencies = (
				CE20DC4F26F9CB0C00359D24 /* PBXTargetDependency */,
			);
			name = HNNetworkingTests;
			productName = HNNetworkingTests;
			productReference = CE20DC4C26F9CB0C00359D24 /* HNNetworkingTests.xctest */;
			productType = "com.apple.product-type.bundle.unit-test";
		};
/* End PBXNativeTarget section */

/* Begin PBXProject section */
		CE20DC3A26F9CB0C00359D24 /* Project object */ = {
			isa = PBXProject;
			attributes = {
				LastSwiftUpdateCheck = 1250;
				LastUpgradeCheck = 1250;
				TargetAttributes = {
					CE20DC4226F9CB0C00359D24 = {
						CreatedOnToolsVersion = 12.5.1;
						LastSwiftMigration = 1250;
					};
					CE20DC4B26F9CB0C00359D24 = {
						CreatedOnToolsVersion = 12.5.1;
					};
				};
			};
			buildConfigurationList = CE20DC3D26F9CB0C00359D24 /* Build configuration list for PBXProject "HNNetworking" */;
			compatibilityVersion = "Xcode 9.3";
			developmentRegion = en;
			hasScannedForEncodings = 0;
			knownRegions = (
				en,
				Base,
			);
			mainGroup = CE20DC3926F9CB0C00359D24;
			productRefGroup = CE20DC4426F9CB0C00359D24 /* Products */;
			projectDirPath = "";
			projectRoot = "";
			targets = (
				CE20DC4226F9CB0C00359D24 /* HNNetworking */,
				CE20DC4B26F9CB0C00359D24 /* HNNetworkingTests */,
			);
		};
/* End PBXProject section */

/* Begin PBXResourcesBuildPhase section */
		CE20DC4126F9CB0C00359D24 /* Resources */ = {
			isa = PBXResourcesBuildPhase;
			buildActionMask = 2147483647;
			files = (
			);
			runOnlyForDeploymentPostprocessing = 0;
		};
		CE20DC4A26F9CB0C00359D24 /* Resources */ = {
			isa = PBXResourcesBuildPhase;
			buildActionMask = 2147483647;
			files = (
			);
			runOnlyForDeploymentPostprocessing = 0;
		};
/* End PBXResourcesBuildPhase section */

/* Begin PBXSourcesBuildPhase section */
		CE20DC3F26F9CB0C00359D24 /* Sources */ = {
			isa = PBXSourcesBuildPhase;
			buildActionMask = 2147483647;
			files = (
				CE20DC6A26F9D60300359D24 /* ResponseDecoder.swift in Sources */,
				CE20DC6826F9D5D600359D24 /* EndPoint.swift in Sources */,
				CE20DC7626F9D79500359D24 /* Cancellable.swift in Sources */,
				CE20DC6E26F9D64E00359D24 /* JSONResponseDecoder.swift in Sources */,
				CE20DC8E26F9D9CC00359D24 /* DefaultDataTransferErrorResolver.swift in Sources */,
				CE20DC6226F9D4DD00359D24 /* Requestable.swift in Sources */,
				CE20DC8C26F9D9BD00359D24 /* DefaultDataTransferErrorLogger.swift in Sources */,
				CE20DC7026F9D66E00359D24 /* RawDataResponseDecoder.swift in Sources */,
				CE20DC7226F9D70300359D24 /* APINetworkConfig.swift in Sources */,
				CE20DC7C26F9D80800359D24 /* NetworkErrorLogger.swift in Sources */,
				CE20DC6026F9D49F00359D24 /* BodyEncoding.swift in Sources */,
				CE20DC6C26F9D62500359D24 /* DataTransferService.swift in Sources */,
				CE20DC8426F9D91C00359D24 /* NetworkService.swift in Sources */,
				CE20DC7826F9D7B300359D24 /* DataTransferError.swift in Sources */,
				CE20DC8026F9D84300359D24 /* URLSessionHTTPClient.swift in Sources */,
				CE20DC8826F9D98500359D24 /* DataTransferErrorLogger.swift in Sources */,
				CE20DC7E26F9D82000359D24 /* DefaultNetworkService.swift in Sources */,
				CE20DC8226F9D87500359D24 /* DefaultNetworkErrorLogger.swift in Sources */,
				CE20DC6626F9D54D00359D24 /* ResponseRequestable.swift in Sources */,
				CE20DC8626F9D95700359D24 /* DataTransferErrorResolver.swift in Sources */,
				CE20DC8A26F9D99D00359D24 /* DefaultDataTransferService.swift in Sources */,
				CE20DC7426F9D78200359D24 /* NetworkError.swift in Sources */,
				CE20DC7A26F9D7F400359D24 /* HTTPClient.swift in Sources */,
				CE20DC5E26F9D44100359D24 /* HTTPMethodType.swift in Sources */,
				CE20DC6426F9D4F800359D24 /* NetworkConfigurable.swift in Sources */,
			);
			runOnlyForDeploymentPostprocessing = 0;
		};
		CE20DC4826F9CB0C00359D24 /* Sources */ = {
			isa = PBXSourcesBuildPhase;
			buildActionMask = 2147483647;
			files = (
				CE20DC5226F9CB0C00359D24 /* HNNetworkingTests.swift in Sources */,
			);
			runOnlyForDeploymentPostprocessing = 0;
		};
/* End PBXSourcesBuildPhase section */

/* Begin PBXTargetDependency section */
		CE20DC4F26F9CB0C00359D24 /* PBXTargetDependency */ = {
			isa = PBXTargetDependency;
			target = CE20DC4226F9CB0C00359D24 /* HNNetworking */;
			targetProxy = CE20DC4E26F9CB0C00359D24 /* PBXContainerItemProxy */;
		};
/* End PBXTargetDependency section */

/* Begin XCBuildConfiguration section */
		CE20DC5526F9CB0D00359D24 /* Debug */ = {
			isa = XCBuildConfiguration;
			buildSettings = {
				ALWAYS_SEARCH_USER_PATHS = NO;
				CLANG_ANALYZER_NONNULL = YES;
				CLANG_ANALYZER_NUMBER_OBJECT_CONVERSION = YES_AGGRESSIVE;
				CLANG_CXX_LANGUAGE_STANDARD = "gnu++14";
				CLANG_CXX_LIBRARY = "libc++";
				CLANG_ENABLE_MODULES = YES;
				CLANG_ENABLE_OBJC_ARC = YES;
				CLANG_ENABLE_OBJC_WEAK = YES;
				CLANG_WARN_BLOCK_CAPTURE_AUTORELEASING = YES;
				CLANG_WARN_BOOL_CONVERSION = YES;
				CLANG_WARN_COMMA = YES;
				CLANG_WARN_CONSTANT_CONVERSION = YES;
				CLANG_WARN_DEPRECATED_OBJC_IMPLEMENTATIONS = YES;
				CLANG_WARN_DIRECT_OBJC_ISA_USAGE = YES_ERROR;
				CLANG_WARN_DOCUMENTATION_COMMENTS = YES;
				CLANG_WARN_EMPTY_BODY = YES;
				CLANG_WARN_ENUM_CONVERSION = YES;
				CLANG_WARN_INFINITE_RECURSION = YES;
				CLANG_WARN_INT_CONVERSION = YES;
				CLANG_WARN_NON_LITERAL_NULL_CONVERSION = YES;
				CLANG_WARN_OBJC_IMPLICIT_RETAIN_SELF = YES;
				CLANG_WARN_OBJC_LITERAL_CONVERSION = YES;
				CLANG_WARN_OBJC_ROOT_CLASS = YES_ERROR;
				CLANG_WARN_QUOTED_INCLUDE_IN_FRAMEWORK_HEADER = YES;
				CLANG_WARN_RANGE_LOOP_ANALYSIS = YES;
				CLANG_WARN_STRICT_PROTOTYPES = YES;
				CLANG_WARN_SUSPICIOUS_MOVE = YES;
				CLANG_WARN_UNGUARDED_AVAILABILITY = YES_AGGRESSIVE;
				CLANG_WARN_UNREACHABLE_CODE = YES;
				CLANG_WARN__DUPLICATE_METHOD_MATCH = YES;
				COPY_PHASE_STRIP = NO;
				CURRENT_PROJECT_VERSION = 1;
				DEBUG_INFORMATION_FORMAT = dwarf;
				ENABLE_STRICT_OBJC_MSGSEND = YES;
				ENABLE_TESTABILITY = YES;
				GCC_C_LANGUAGE_STANDARD = gnu11;
				GCC_DYNAMIC_NO_PIC = NO;
				GCC_NO_COMMON_BLOCKS = YES;
				GCC_OPTIMIZATION_LEVEL = 0;
				GCC_PREPROCESSOR_DEFINITIONS = (
					"DEBUG=1",
					"$(inherited)",
				);
				GCC_WARN_64_TO_32_BIT_CONVERSION = YES;
				GCC_WARN_ABOUT_RETURN_TYPE = YES_ERROR;
				GCC_WARN_UNDECLARED_SELECTOR = YES;
				GCC_WARN_UNINITIALIZED_AUTOS = YES_AGGRESSIVE;
				GCC_WARN_UNUSED_FUNCTION = YES;
				GCC_WARN_UNUSED_VARIABLE = YES;
				IPHONEOS_DEPLOYMENT_TARGET = 14.5;
				MTL_ENABLE_DEBUG_INFO = INCLUDE_SOURCE;
				MTL_FAST_MATH = YES;
				ONLY_ACTIVE_ARCH = YES;
				SDKROOT = iphoneos;
				SWIFT_ACTIVE_COMPILATION_CONDITIONS = DEBUG;
				SWIFT_OPTIMIZATION_LEVEL = "-Onone";
				VERSIONING_SYSTEM = "apple-generic";
				VERSION_INFO_PREFIX = "";
			};
			name = Debug;
		};
		CE20DC5626F9CB0D00359D24 /* Release */ = {
			isa = XCBuildConfiguration;
			buildSettings = {
				ALWAYS_SEARCH_USER_PATHS = NO;
				CLANG_ANALYZER_NONNULL = YES;
				CLANG_ANALYZER_NUMBER_OBJECT_CONVERSION = YES_AGGRESSIVE;
				CLANG_CXX_LANGUAGE_STANDARD = "gnu++14";
				CLANG_CXX_LIBRARY = "libc++";
				CLANG_ENABLE_MODULES = YES;
				CLANG_ENABLE_OBJC_ARC = YES;
				CLANG_ENABLE_OBJC_WEAK = YES;
				CLANG_WARN_BLOCK_CAPTURE_AUTORELEASING = YES;
				CLANG_WARN_BOOL_CONVERSION = YES;
				CLANG_WARN_COMMA = YES;
				CLANG_WARN_CONSTANT_CONVERSION = YES;
				CLANG_WARN_DEPRECATED_OBJC_IMPLEMENTATIONS = YES;
				CLANG_WARN_DIRECT_OBJC_ISA_USAGE = YES_ERROR;
				CLANG_WARN_DOCUMENTATION_COMMENTS = YES;
				CLANG_WARN_EMPTY_BODY = YES;
				CLANG_WARN_ENUM_CONVERSION = YES;
				CLANG_WARN_INFINITE_RECURSION = YES;
				CLANG_WARN_INT_CONVERSION = YES;
				CLANG_WARN_NON_LITERAL_NULL_CONVERSION = YES;
				CLANG_WARN_OBJC_IMPLICIT_RETAIN_SELF = YES;
				CLANG_WARN_OBJC_LITERAL_CONVERSION = YES;
				CLANG_WARN_OBJC_ROOT_CLASS = YES_ERROR;
				CLANG_WARN_QUOTED_INCLUDE_IN_FRAMEWORK_HEADER = YES;
				CLANG_WARN_RANGE_LOOP_ANALYSIS = YES;
				CLANG_WARN_STRICT_PROTOTYPES = YES;
				CLANG_WARN_SUSPICIOUS_MOVE = YES;
				CLANG_WARN_UNGUARDED_AVAILABILITY = YES_AGGRESSIVE;
				CLANG_WARN_UNREACHABLE_CODE = YES;
				CLANG_WARN__DUPLICATE_METHOD_MATCH = YES;
				COPY_PHASE_STRIP = NO;
				CURRENT_PROJECT_VERSION = 1;
				DEBUG_INFORMATION_FORMAT = "dwarf-with-dsym";
				ENABLE_NS_ASSERTIONS = NO;
				ENABLE_STRICT_OBJC_MSGSEND = YES;
				GCC_C_LANGUAGE_STANDARD = gnu11;
				GCC_NO_COMMON_BLOCKS = YES;
				GCC_WARN_64_TO_32_BIT_CONVERSION = YES;
				GCC_WARN_ABOUT_RETURN_TYPE = YES_ERROR;
				GCC_WARN_UNDECLARED_SELECTOR = YES;
				GCC_WARN_UNINITIALIZED_AUTOS = YES_AGGRESSIVE;
				GCC_WARN_UNUSED_FUNCTION = YES;
				GCC_WARN_UNUSED_VARIABLE = YES;
				IPHONEOS_DEPLOYMENT_TARGET = 14.5;
				MTL_ENABLE_DEBUG_INFO = NO;
				MTL_FAST_MATH = YES;
				SDKROOT = iphoneos;
				SWIFT_COMPILATION_MODE = wholemodule;
				SWIFT_OPTIMIZATION_LEVEL = "-O";
				VALIDATE_PRODUCT = YES;
				VERSIONING_SYSTEM = "apple-generic";
				VERSION_INFO_PREFIX = "";
			};
			name = Release;
		};
		CE20DC5826F9CB0D00359D24 /* Debug */ = {
			isa = XCBuildConfiguration;
			buildSettings = {
				CLANG_ENABLE_MODULES = YES;
				CODE_SIGN_STYLE = Automatic;
				DEFINES_MODULE = YES;
				DYLIB_COMPATIBILITY_VERSION = 1;
				DYLIB_CURRENT_VERSION = 1;
				DYLIB_INSTALL_NAME_BASE = "@rpath";
				INFOPLIST_FILE = HNNetworking/Info.plist;
				INSTALL_PATH = "$(LOCAL_LIBRARY_DIR)/Frameworks";
				LD_RUNPATH_SEARCH_PATHS = (
					"$(inherited)",
					"@executable_path/Frameworks",
					"@loader_path/Frameworks",
				);
				PRODUCT_BUNDLE_IDENTIFIER = com.hoangnn.HNNetworking;
				PRODUCT_NAME = "$(TARGET_NAME:c99extidentifier)";
				SKIP_INSTALL = YES;
				SWIFT_OPTIMIZATION_LEVEL = "-Onone";
				SWIFT_VERSION = 5.0;
				TARGETED_DEVICE_FAMILY = "1,2";
			};
			name = Debug;
		};
		CE20DC5926F9CB0D00359D24 /* Release */ = {
			isa = XCBuildConfiguration;
			buildSettings = {
				CLANG_ENABLE_MODULES = YES;
				CODE_SIGN_STYLE = Automatic;
				DEFINES_MODULE = YES;
				DYLIB_COMPATIBILITY_VERSION = 1;
				DYLIB_CURRENT_VERSION = 1;
				DYLIB_INSTALL_NAME_BASE = "@rpath";
				INFOPLIST_FILE = HNNetworking/Info.plist;
				INSTALL_PATH = "$(LOCAL_LIBRARY_DIR)/Frameworks";
				LD_RUNPATH_SEARCH_PATHS = (
					"$(inherited)",
					"@executable_path/Frameworks",
					"@loader_path/Frameworks",
				);
				PRODUCT_BUNDLE_IDENTIFIER = com.hoangnn.HNNetworking;
				PRODUCT_NAME = "$(TARGET_NAME:c99extidentifier)";
				SKIP_INSTALL = YES;
				SWIFT_VERSION = 5.0;
				TARGETED_DEVICE_FAMILY = "1,2";
			};
			name = Release;
		};
		CE20DC5B26F9CB0D00359D24 /* Debug */ = {
			isa = XCBuildConfiguration;
			buildSettings = {
				ALWAYS_EMBED_SWIFT_STANDARD_LIBRARIES = YES;
				CODE_SIGN_STYLE = Automatic;
				INFOPLIST_FILE = HNNetworkingTests/Info.plist;
				LD_RUNPATH_SEARCH_PATHS = (
					"$(inherited)",
					"@executable_path/Frameworks",
					"@loader_path/Frameworks",
				);
				PRODUCT_BUNDLE_IDENTIFIER = com.hoangnn.HNNetworkingTests;
				PRODUCT_NAME = "$(TARGET_NAME)";
				SWIFT_VERSION = 5.0;
				TARGETED_DEVICE_FAMILY = "1,2";
			};
			name = Debug;
		};
		CE20DC5C26F9CB0D00359D24 /* Release */ = {
			isa = XCBuildConfiguration;
			buildSettings = {
				ALWAYS_EMBED_SWIFT_STANDARD_LIBRARIES = YES;
				CODE_SIGN_STYLE = Automatic;
				INFOPLIST_FILE = HNNetworkingTests/Info.plist;
				LD_RUNPATH_SEARCH_PATHS = (
					"$(inherited)",
					"@executable_path/Frameworks",
					"@loader_path/Frameworks",
				);
				PRODUCT_BUNDLE_IDENTIFIER = com.hoangnn.HNNetworkingTests;
				PRODUCT_NAME = "$(TARGET_NAME)";
				SWIFT_VERSION = 5.0;
				TARGETED_DEVICE_FAMILY = "1,2";
			};
			name = Release;
		};
/* End XCBuildConfiguration section */

/* Begin XCConfigurationList section */
		CE20DC3D26F9CB0C00359D24 /* Build configuration list for PBXProject "HNNetworking" */ = {
			isa = XCConfigurationList;
			buildConfigurations = (
				CE20DC5526F9CB0D00359D24 /* Debug */,
				CE20DC5626F9CB0D00359D24 /* Release */,
			);
			defaultConfigurationIsVisible = 0;
			defaultConfigurationName = Release;
		};
		CE20DC5726F9CB0D00359D24 /* Build configuration list for PBXNativeTarget "HNNetworking" */ = {
			isa = XCConfigurationList;
			buildConfigurations = (
				CE20DC5826F9CB0D00359D24 /* Debug */,
				CE20DC5926F9CB0D00359D24 /* Release */,
			);
			defaultConfigurationIsVisible = 0;
			defaultConfigurationName = Release;
		};
		CE20DC5A26F9CB0D00359D24 /* Build configuration list for PBXNativeTarget "HNNetworkingTests" */ = {
			isa = XCConfigurationList;
			buildConfigurations = (
				CE20DC5B26F9CB0D00359D24 /* Debug */,
				CE20DC5C26F9CB0D00359D24 /* Release */,
			);
			defaultConfigurationIsVisible = 0;
			defaultConfigurationName = Release;
		};
/* End XCConfigurationList section */
	};
	rootObject = CE20DC3A26F9CB0C00359D24 /* Project object */;
}
